
Microsoft Visual Studio Solution File, Format Version 12.00
# Visual Studio 2012
Project("{FAE04EC0-301F-11D3-BF4B-00C04F79EFBC}") = "BestCalc", "BestCalc\BestCalc.csproj", "{11B4C28C-21DD-4A1B-9432-A8B9E6A24259}"
EndProject
Project("{FAE04EC0-301F-11D3-BF4B-00C04F79EFBC}") = "BestCalc.iOS", "iOS\BestCalc.iOS.csproj", "{58F12269-42EA-4223-A268-AEEDC7E88F05}"
EndProject
Project("{FAE04EC0-301F-11D3-BF4B-00C04F79EFBC}") = "BestCalc.Droid", "Droid\BestCalc.Droid.csproj", "{D2131029-2088-43A7-8DC9-E4C2E758937F}"
EndProject
Global
	GlobalSection(SolutionConfigurationPlatforms) = preSolution
		Debug|Any CPU = Debug|Any CPU
		Release|Any CPU = Release|Any CPU
		Debug|iPhoneSimulator = Debug|iPhoneSimulator
		Release|iPhone = Release|iPhone
		Release|iPhoneSimulator = Release|iPhoneSimulator
		Debug|iPhone = Debug|iPhone
	EndGlobalSection
	GlobalSection(ProjectConfigurationPlatforms) = postSolution
		{11B4C28C-21DD-4A1B-9432-A8B9E6A24259}.Debug|Any CPU.ActiveCfg = Debug|Any CPU
		{11B4C28C-21DD-4A1B-9432-A8B9E6A24259}.Debug|Any CPU.Build.0 = Debug|Any CPU
		{11B4C28C-21DD-4A1B-9432-A8B9E6A24259}.Release|Any CPU.ActiveCfg = Release|Any CPU
		{11B4C28C-21DD-4A1B-9432-A8B9E6A24259}.Release|Any CPU.Build.0 = Release|Any CPU
		{11B4C28C-21DD-4A1B-9432-A8B9E6A24259}.Debug|iPhoneSimulator.ActiveCfg = Debug|Any CPU
		{11B4C28C-21DD-4A1B-9432-A8B9E6A24259}.Debug|iPhoneSimulator.Build.0 = Debug|Any CPU
		{11B4C28C-21DD-4A1B-9432-A8B9E6A24259}.Release|iPhone.ActiveCfg = Release|Any CPU
		{11B4C28C-21DD-4A1B-9432-A8B9E6A24259}.Release|iPhone.Build.0 = Release|Any CPU
		{11B4C28C-21DD-4A1B-9432-A8B9E6A24259}.Release|iPhoneSimulator.ActiveCfg = Release|Any CPU
		{11B4C28C-21DD-4A1B-9432-A8B9E6A24259}.Release|iPhoneSimulator.Build.0 = Release|Any CPU
		{11B4C28C-21DD-4A1B-9432-A8B9E6A24259}.Debug|iPhone.ActiveCfg = Debug|Any CPU
		{11B4C28C-21DD-4A1B-9432-A8B9E6A24259}.Debug|iPhone.Build.0 = Debug|Any CPU
		{58F12269-42EA-4223-A268-AEEDC7E88F05}.Debug|Any CPU.ActiveCfg = Debug|iPhoneSimulator
		{58F12269-42EA-4223-A268-AEEDC7E88F05}.Debug|Any CPU.Build.0 = Debug|iPhoneSimulator
		{58F12269-42EA-4223-A268-AEEDC7E88F05}.Release|Any CPU.ActiveCfg = Release|iPhone
		{58F12269-42EA-4223-A268-AEEDC7E88F05}.Release|Any CPU.Build.0 = Release|iPhone
		{58F12269-42EA-4223-A268-AEEDC7E88F05}.Debug|iPhoneSimulator.ActiveCfg = Debug|iPhoneSimulator
		{58F12269-42EA-4223-A268-AEEDC7E88F05}.Debug|iPhoneSimulator.Build.0 = Debug|iPhoneSimulator
		{58F12269-42EA-4223-A268-AEEDC7E88F05}.Release|iPhone.ActiveCfg = Release|iPhone
		{58F12269-42EA-4223-A268-AEEDC7E88F05}.Release|iPhone.Build.0 = Release|iPhone
		{58F12269-42EA-4223-A268-AEEDC7E88F05}.Release|iPhoneSimulator.ActiveCfg = Release|iPhoneSimulator
		{58F12269-42EA-4223-A268-AEEDC7E88F05}.Release|iPhoneSimulator.Build.0 = Release|iPhoneSimulator
		{58F12269-42EA-4223-A268-AEEDC7E88F05}.Debug|iPhone.ActiveCfg = Debug|iPhone
		{58F12269-42EA-4223-A268-AEEDC7E88F05}.Debug|iPhone.Build.0 = Debug|iPhone
		{D2131029-2088-43A7-8DC9-E4C2E758937F}.Debug|Any CPU.ActiveCfg = Debug|Any CPU
		{D2131029-2088-43A7-8DC9-E4C2E758937F}.Debug|Any CPU.Build.0 = Debug|Any CPU
		{D2131029-2088-43A7-8DC9-E4C2E758937F}.Release|Any CPU.ActiveCfg = Release|Any CPU
		{D2131029-2088-43A7-8DC9-E4C2E758937F}.Release|Any CPU.Build.0 = Release|Any CPU
		{D2131029-2088-43A7-8DC9-E4C2E758937F}.Debug|iPhoneSimulator.ActiveCfg = Debug|Any CPU
		{D2131029-2088-43A7-8DC9-E4C2E758937F}.Debug|iPhoneSimulator.Build.0 = Debug|Any CPU
		{D2131029-2088-43A7-8DC9-E4C2E758937F}.Release|iPhone.ActiveCfg = Release|Any CPU
		{D2131029-2088-43A7-8DC9-E4C2E758937F}.Release|iPhone.Build.0 = Release|Any CPU
		{D2131029-2088-43A7-8DC9-E4C2E758937F}.Release|iPhoneSimulator.ActiveCfg = Release|Any CPU
		{D2131029-2088-43A7-8DC9-E4C2E758937F}.Release|iPhoneSimulator.Build.0 = Release|Any CPU
		{D2131029-2088-43A7-8DC9-E4C2E758937F}.Debug|iPhone.ActiveCfg = Debug|Any CPU
		{D2131029-2088-43A7-8DC9-E4C2E758937F}.Debug|iPhone.Build.0 = Debug|Any CPU
	EndGlobalSection
EndGlobal
